// !$*UTF8*$!
{
	archiveVersion = 1;
	classes = {
	};
	objectVersion = 56;
	objects = {

/* Begin PBXBuildFile section */
		5279B2792B77475900F2F9B4 /* HomePageView.swift in Sources */ = {isa = PBXBuildFile; fileRef = 5279B2782B77475900F2F9B4 /* HomePageView.swift */; };
		5279B27B2B7747B800F2F9B4 /* AppViewModel.swift in Sources */ = {isa = PBXBuildFile; fileRef = 5279B27A2B7747B800F2F9B4 /* AppViewModel.swift */; };
		5279B27E2B7747FE00F2F9B4 /* AVPlayerViewModel.swift in Sources */ = {isa = PBXBuildFile; fileRef = 5279B27D2B7747FE00F2F9B4 /* AVPlayerViewModel.swift */; };
		5279B2802B77484B00F2F9B4 /* AVPLayerView.swift in Sources */ = {isa = PBXBuildFile; fileRef = 5279B27F2B77484B00F2F9B4 /* AVPLayerView.swift */; };
		5279B2832B77489500F2F9B4 /* MediaService.swift in Sources */ = {isa = PBXBuildFile; fileRef = 5279B2822B77489500F2F9B4 /* MediaService.swift */; };
		5279B2862B7748B900F2F9B4 /* Constant.swift in Sources */ = {isa = PBXBuildFile; fileRef = 5279B2852B7748B900F2F9B4 /* Constant.swift */; };
		5279B2892B7748F700F2F9B4 /* LogoIconView.swift in Sources */ = {isa = PBXBuildFile; fileRef = 5279B2882B7748F700F2F9B4 /* LogoIconView.swift */; };
		5279B28B2B77491B00F2F9B4 /* BannerImageView.swift in Sources */ = {isa = PBXBuildFile; fileRef = 5279B28A2B77491B00F2F9B4 /* BannerImageView.swift */; };
		5279B28D2B77493200F2F9B4 /* PlayButtonView.swift in Sources */ = {isa = PBXBuildFile; fileRef = 5279B28C2B77493200F2F9B4 /* PlayButtonView.swift */; };
		5279B2902B77498200F2F9B4 /* PipStatus.swift in Sources */ = {isa = PBXBuildFile; fileRef = 5279B28F2B77498200F2F9B4 /* PipStatus.swift */; };
		5279B2922B77499C00F2F9B4 /* Media.swift in Sources */ = {isa = PBXBuildFile; fileRef = 5279B2912B77499C00F2F9B4 /* Media.swift */; };
		DD3210922B75592800739EC4 /* PictureInPictureApp.swift in Sources */ = {isa = PBXBuildFile; fileRef = DD3210912B75592800739EC4 /* PictureInPictureApp.swift */; };
		DD3210942B75592800739EC4 /* ContentView.swift in Sources */ = {isa = PBXBuildFile; fileRef = DD3210932B75592800739EC4 /* ContentView.swift */; };
		DD3210962B75592900739EC4 /* Assets.xcassets in Resources */ = {isa = PBXBuildFile; fileRef = DD3210952B75592900739EC4 /* Assets.xcassets */; };
		DD3210992B75592900739EC4 /* Preview Assets.xcassets in Resources */ = {isa = PBXBuildFile; fileRef = DD3210982B75592900739EC4 /* Preview Assets.xcassets */; };
/* End PBXBuildFile section */

/* Begin PBXFileReference section */
		520AFB4D2B755F3500729CC0 /* Info.plist */ = {isa = PBXFileReference; lastKnownFileType = text.plist; path = Info.plist; sourceTree = "<group>"; };
		5279B2782B77475900F2F9B4 /* HomePageView.swift */ = {isa = PBXFileReference; lastKnownFileType = sourcecode.swift; path = HomePageView.swift; sourceTree = "<group>"; };
		5279B27A2B7747B800F2F9B4 /* AppViewModel.swift */ = {isa = PBXFileReference; lastKnownFileType = sourcecode.swift; path = AppViewModel.swift; sourceTree = "<group>"; };
		5279B27D2B7747FE00F2F9B4 /* AVPlayerViewModel.swift */ = {isa = PBXFileReference; lastKnownFileType = sourcecode.swift; path = AVPlayerViewModel.swift; sourceTree = "<group>"; };
		5279B27F2B77484B00F2F9B4 /* AVPLayerView.swift */ = {isa = PBXFileReference; lastKnownFileType = sourcecode.swift; path = AVPLayerView.swift; sourceTree = "<group>"; };
		5279B2822B77489500F2F9B4 /* MediaService.swift */ = {isa = PBXFileReference; lastKnownFileType = sourcecode.swift; path = MediaService.swift; sourceTree = "<group>"; };
		5279B2852B7748B900F2F9B4 /* Constant.swift */ = {isa = PBXFileReference; lastKnownFileType = sourcecode.swift; path = Constant.swift; sourceTree = "<group>"; };
		5279B2882B7748F700F2F9B4 /* LogoIconView.swift */ = {isa = PBXFileReference; lastKnownFileType = sourcecode.swift; path = LogoIconView.swift; sourceTree = "<group>"; };
		5279B28A2B77491B00F2F9B4 /* BannerImageView.swift */ = {isa = PBXFileReference; lastKnownFileType = sourcecode.swift; path = BannerImageView.swift; sourceTree = "<group>"; };
		5279B28C2B77493200F2F9B4 /* PlayButtonView.swift */ = {isa = PBXFileReference; lastKnownFileType = sourcecode.swift; path = PlayButtonView.swift; sourceTree = "<group>"; };
		5279B28F2B77498200F2F9B4 /* PipStatus.swift */ = {isa = PBXFileReference; lastKnownFileType = sourcecode.swift; path = PipStatus.swift; sourceTree = "<group>"; };
		5279B2912B77499C00F2F9B4 /* Media.swift */ = {isa = PBXFileReference; lastKnownFileType = sourcecode.swift; path = Media.swift; sourceTree = "<group>"; };
		DD32108E2B75592800739EC4 /* PictureInPicture.app */ = {isa = PBXFileReference; explicitFileType = wrapper.application; includeInIndex = 0; path = PictureInPicture.app; sourceTree = BUILT_PRODUCTS_DIR; };
		DD3210912B75592800739EC4 /* PictureInPictureApp.swift */ = {isa = PBXFileReference; lastKnownFileType = sourcecode.swift; path = PictureInPictureApp.swift; sourceTree = "<group>"; };
		DD3210932B75592800739EC4 /* ContentView.swift */ = {isa = PBXFileReference; lastKnownFileType = sourcecode.swift; path = ContentView.swift; sourceTree = "<group>"; };
		DD3210952B75592900739EC4 /* Assets.xcassets */ = {isa = PBXFileReference; lastKnownFileType = folder.assetcatalog; path = Assets.xcassets; sourceTree = "<group>"; };
		DD3210982B75592900739EC4 /* Preview Assets.xcassets */ = {isa = PBXFileReference; lastKnownFileType = folder.assetcatalog; path = "Preview Assets.xcassets"; sourceTree = "<group>"; };
/* End PBXFileReference section */

/* Begin PBXFrameworksBuildPhase section */
		DD32108B2B75592800739EC4 /* Frameworks */ = {
			isa = PBXFrameworksBuildPhase;
			buildActionMask = 2147483647;
			files = (
			);
			runOnlyForDeploymentPostprocessing = 0;
		};
/* End PBXFrameworksBuildPhase section */

/* Begin PBXGroup section */
		5279B2772B77473E00F2F9B4 /* HomePage */ = {
			isa = PBXGroup;
			children = (
				5279B2782B77475900F2F9B4 /* HomePageView.swift */,
				5279B2872B7748DC00F2F9B4 /* HomeViewComponent */,
			);
			path = HomePage;
			sourceTree = "<group>";
		};
		5279B27C2B7747EC00F2F9B4 /* AVPlayer */ = {
			isa = PBXGroup;
			children = (
				5279B27D2B7747FE00F2F9B4 /* AVPlayerViewModel.swift */,
				5279B27F2B77484B00F2F9B4 /* AVPLayerView.swift */,
			);
			path = AVPlayer;
			sourceTree = "<group>";
		};
		5279B2812B77487900F2F9B4 /* MediaService */ = {
			isa = PBXGroup;
			children = (
				5279B2822B77489500F2F9B4 /* MediaService.swift */,
			);
			path = MediaService;
			sourceTree = "<group>";
		};
		5279B2842B7748AC00F2F9B4 /* Constant */ = {
			isa = PBXGroup;
			children = (
				5279B2852B7748B900F2F9B4 /* Constant.swift */,
			);
			path = Constant;
			sourceTree = "<group>";
		};
		5279B2872B7748DC00F2F9B4 /* HomeViewComponent */ = {
			isa = PBXGroup;
			children = (
				5279B2882B7748F700F2F9B4 /* LogoIconView.swift */,
				5279B28C2B77493200F2F9B4 /* PlayButtonView.swift */,
				5279B28A2B77491B00F2F9B4 /* BannerImageView.swift */,
			);
			path = HomeViewComponent;
			sourceTree = "<group>";
		};
		5279B28E2B77496000F2F9B4 /* Models */ = {
			isa = PBXGroup;
			children = (
				5279B28F2B77498200F2F9B4 /* PipStatus.swift */,
				5279B2912B77499C00F2F9B4 /* Media.swift */,
			);
			path = Models;
			sourceTree = "<group>";
		};
		DD3210852B75592800739EC4 = {
			isa = PBXGroup;
			children = (
				DD3210902B75592800739EC4 /* PictureInPicture */,
				DD32108F2B75592800739EC4 /* Products */,
			);
			sourceTree = "<group>";
		};
		DD32108F2B75592800739EC4 /* Products */ = {
			isa = PBXGroup;
			children = (
				DD32108E2B75592800739EC4 /* PictureInPicture.app */,
			);
			name = Products;
			sourceTree = "<group>";
		};
		DD3210902B75592800739EC4 /* PictureInPicture */ = {
			isa = PBXGroup;
			children = (
				520AFB4D2B755F3500729CC0 /* Info.plist */,
				DD3210912B75592800739EC4 /* PictureInPictureApp.swift */,
				DD3210932B75592800739EC4 /* ContentView.swift */,
				5279B27A2B7747B800F2F9B4 /* AppViewModel.swift */,
				5279B2772B77473E00F2F9B4 /* HomePage */,
				5279B27C2B7747EC00F2F9B4 /* AVPlayer */,
				5279B28E2B77496000F2F9B4 /* Models */,
				5279B2842B7748AC00F2F9B4 /* Constant */,
				5279B2812B77487900F2F9B4 /* MediaService */,
				DD3210952B75592900739EC4 /* Assets.xcassets */,
				DD3210972B75592900739EC4 /* Preview Content */,
			);
			path = PictureInPicture;
			sourceTree = "<group>";
		};
		DD3210972B75592900739EC4 /* Preview Content */ = {
			isa = PBXGroup;
			children = (
				DD3210982B75592900739EC4 /* Preview Assets.xcassets */,
			);
			path = "Preview Content";
			sourceTree = "<group>";
		};
/* End PBXGroup section */

/* Begin PBXNativeTarget section */
		DD32108D2B75592800739EC4 /* PictureInPicture */ = {
			isa = PBXNativeTarget;
			buildConfigurationList = DD32109C2B75592900739EC4 /* Build configuration list for PBXNativeTarget "PictureInPicture" */;
			buildPhases = (
				DD32108A2B75592800739EC4 /* Sources */,
				DD32108B2B75592800739EC4 /* Frameworks */,
				DD32108C2B75592800739EC4 /* Resources */,
			);
			buildRules = (
			);
			dependencies = (
			);
			name = PictureInPicture;
			productName = PictureInPicture;
			productReference = DD32108E2B75592800739EC4 /* PictureInPicture.app */;
			productType = "com.apple.product-type.application";
		};
/* End PBXNativeTarget section */

/* Begin PBXProject section */
		DD3210862B75592800739EC4 /* Project object */ = {
			isa = PBXProject;
			attributes = {
				BuildIndependentTargetsInParallel = 1;
				LastSwiftUpdateCheck = 1520;
				LastUpgradeCheck = 1520;
				TargetAttributes = {
					DD32108D2B75592800739EC4 = {
						CreatedOnToolsVersion = 15.2;
					};
				};
			};
			buildConfigurationList = DD3210892B75592800739EC4 /* Build configuration list for PBXProject "PictureInPicture" */;
			compatibilityVersion = "Xcode 14.0";
			developmentRegion = en;
			hasScannedForEncodings = 0;
			knownRegions = (
				en,
				Base,
			);
			mainGroup = DD3210852B75592800739EC4;
			productRefGroup = DD32108F2B75592800739EC4 /* Products */;
			projectDirPath = "";
			projectRoot = "";
			targets = (
				DD32108D2B75592800739EC4 /* PictureInPicture */,
			);
		};
/* End PBXProject section */

/* Begin PBXResourcesBuildPhase section */
		DD32108C2B75592800739EC4 /* Resources */ = {
			isa = PBXResourcesBuildPhase;
			buildActionMask = 2147483647;
			files = (
				DD3210992B75592900739EC4 /* Preview Assets.xcassets in Resources */,
				DD3210962B75592900739EC4 /* Assets.xcassets in Resources */,
			);
			runOnlyForDeploymentPostprocessing = 0;
		};
/* End PBXResourcesBuildPhase section */

/* Begin PBXSourcesBuildPhase section */
		DD32108A2B75592800739EC4 /* Sources */ = {
			isa = PBXSourcesBuildPhase;
			buildActionMask = 2147483647;
			files = (
				5279B28D2B77493200F2F9B4 /* PlayButtonView.swift in Sources */,
				5279B2902B77498200F2F9B4 /* PipStatus.swift in Sources */,
				5279B2922B77499C00F2F9B4 /* Media.swift in Sources */,
				5279B27E2B7747FE00F2F9B4 /* AVPlayerViewModel.swift in Sources */,
				5279B2802B77484B00F2F9B4 /* AVPLayerView.swift in Sources */,
				5279B2862B7748B900F2F9B4 /* Constant.swift in Sources */,
				5279B27B2B7747B800F2F9B4 /* AppViewModel.swift in Sources */,
				DD3210942B75592800739EC4 /* ContentView.swift in Sources */,
				5279B2792B77475900F2F9B4 /* HomePageView.swift in Sources */,
				5279B2832B77489500F2F9B4 /* MediaService.swift in Sources */,
				5279B2892B7748F700F2F9B4 /* LogoIconView.swift in Sources */,
				DD3210922B75592800739EC4 /* PictureInPictureApp.swift in Sources */,
				5279B28B2B77491B00F2F9B4 /* BannerImageView.swift in Sources */,
			);
			runOnlyForDeploymentPostprocessing = 0;
		};
/* End PBXSourcesBuildPhase section */

/* Begin XCBuildConfiguration section */
		DD32109A2B75592900739EC4 /* Debug */ = {
			isa = XCBuildConfiguration;
			buildSettings = {
				ALWAYS_SEARCH_USER_PATHS = NO;
				ASSETCATALOG_COMPILER_GENERATE_SWIFT_ASSET_SYMBOL_EXTENSIONS = YES;
				CLANG_ANALYZER_NONNULL = YES;
				CLANG_ANALYZER_NUMBER_OBJECT_CONVERSION = YES_AGGRESSIVE;
				CLANG_CXX_LANGUAGE_STANDARD = "gnu++20";
				CLANG_ENABLE_MODULES = YES;
				CLANG_ENABLE_OBJC_ARC = YES;
				CLANG_ENABLE_OBJC_WEAK = YES;
				CLANG_WARN_BLOCK_CAPTURE_AUTORELEASING = YES;
				CLANG_WARN_BOOL_CONVERSION = YES;
				CLANG_WARN_COMMA = YES;
				CLANG_WARN_CONSTANT_CONVERSION = YES;
				CLANG_WARN_DEPRECATED_OBJC_IMPLEMENTATIONS = YES;
				CLANG_WARN_DIRECT_OBJC_ISA_USAGE = YES_ERROR;
				CLANG_WARN_DOCUMENTATION_COMMENTS = YES;
				CLANG_WARN_EMPTY_BODY = YES;
				CLANG_WARN_ENUM_CONVERSION = YES;
				CLANG_WARN_INFINITE_RECURSION = YES;
				CLANG_WARN_INT_CONVERSION = YES;
				CLANG_WARN_NON_LITERAL_NULL_CONVERSION = YES;
				CLANG_WARN_OBJC_IMPLICIT_RETAIN_SELF = YES;
				CLANG_WARN_OBJC_LITERAL_CONVERSION = YES;
				CLANG_WARN_OBJC_ROOT_CLASS = YES_ERROR;
				CLANG_WARN_QUOTED_INCLUDE_IN_FRAMEWORK_HEADER = YES;
				CLANG_WARN_RANGE_LOOP_ANALYSIS = YES;
				CLANG_WARN_STRICT_PROTOTYPES = YES;
				CLANG_WARN_SUSPICIOUS_MOVE = YES;
				CLANG_WARN_UNGUARDED_AVAILABILITY = YES_AGGRESSIVE;
				CLANG_WARN_UNREACHABLE_CODE = YES;
				CLANG_WARN__DUPLICATE_METHOD_MATCH = YES;
				COPY_PHASE_STRIP = NO;
				DEBUG_INFORMATION_FORMAT = dwarf;
				ENABLE_STRICT_OBJC_MSGSEND = YES;
				ENABLE_TESTABILITY = YES;
				ENABLE_USER_SCRIPT_SANDBOXING = YES;
				GCC_C_LANGUAGE_STANDARD = gnu17;
				GCC_DYNAMIC_NO_PIC = NO;
				GCC_NO_COMMON_BLOCKS = YES;
				GCC_OPTIMIZATION_LEVEL = 0;
				GCC_PREPROCESSOR_DEFINITIONS = (
					"DEBUG=1",
					"$(inherited)",
				);
				GCC_WARN_64_TO_32_BIT_CONVERSION = YES;
				GCC_WARN_ABOUT_RETURN_TYPE = YES_ERROR;
				GCC_WARN_UNDECLARED_SELECTOR = YES;
				GCC_WARN_UNINITIALIZED_AUTOS = YES_AGGRESSIVE;
				GCC_WARN_UNUSED_FUNCTION = YES;
				GCC_WARN_UNUSED_VARIABLE = YES;
				IPHONEOS_DEPLOYMENT_TARGET = 17.0;
				LOCALIZATION_PREFERS_STRING_CATALOGS = YES;
				MTL_ENABLE_DEBUG_INFO = INCLUDE_SOURCE;
				MTL_FAST_MATH = YES;
				ONLY_ACTIVE_ARCH = YES;
				SDKROOT = iphoneos;
				SWIFT_ACTIVE_COMPILATION_CONDITIONS = "DEBUG $(inherited)";
				SWIFT_OPTIMIZATION_LEVEL = "-Onone";
			};
			name = Debug;
		};
		DD32109B2B75592900739EC4 /* Release */ = {
			isa = XCBuildConfiguration;
			buildSettings = {
				ALWAYS_SEARCH_USER_PATHS = NO;
				ASSETCATALOG_COMPILER_GENERATE_SWIFT_ASSET_SYMBOL_EXTENSIONS = YES;
				CLANG_ANALYZER_NONNULL = YES;
				CLANG_ANALYZER_NUMBER_OBJECT_CONVERSION = YES_AGGRESSIVE;
				CLANG_CXX_LANGUAGE_STANDARD = "gnu++20";
				CLANG_ENABLE_MODULES = YES;
				CLANG_ENABLE_OBJC_ARC = YES;
				CLANG_ENABLE_OBJC_WEAK = YES;
				CLANG_WARN_BLOCK_CAPTURE_AUTORELEASING = YES;
				CLANG_WARN_BOOL_CONVERSION = YES;
				CLANG_WARN_COMMA = YES;
				CLANG_WARN_CONSTANT_CONVERSION = YES;
				CLANG_WARN_DEPRECATED_OBJC_IMPLEMENTATIONS = YES;
				CLANG_WARN_DIRECT_OBJC_ISA_USAGE = YES_ERROR;
				CLANG_WARN_DOCUMENTATION_COMMENTS = YES;
				CLANG_WARN_EMPTY_BODY = YES;
				CLANG_WARN_ENUM_CONVERSION = YES;
				CLANG_WARN_INFINITE_RECURSION = YES;
				CLANG_WARN_INT_CONVERSION = YES;
				CLANG_WARN_NON_LITERAL_NULL_CONVERSION = YES;
				CLANG_WARN_OBJC_IMPLICIT_RETAIN_SELF = YES;
				CLANG_WARN_OBJC_LITERAL_CONVERSION = YES;
				CLANG_WARN_OBJC_ROOT_CLASS = YES_ERROR;
				CLANG_WARN_QUOTED_INCLUDE_IN_FRAMEWORK_HEADER = YES;
				CLANG_WARN_RANGE_LOOP_ANALYSIS = YES;
				CLANG_WARN_STRICT_PROTOTYPES = YES;
				CLANG_WARN_SUSPICIOUS_MOVE = YES;
				CLANG_WARN_UNGUARDED_AVAILABILITY = YES_AGGRESSIVE;
				CLANG_WARN_UNREACHABLE_CODE = YES;
				CLANG_WARN__DUPLICATE_METHOD_MATCH = YES;
				COPY_PHASE_STRIP = NO;
				DEBUG_INFORMATION_FORMAT = "dwarf-with-dsym";
				ENABLE_NS_ASSERTIONS = NO;
				ENABLE_STRICT_OBJC_MSGSEND = YES;
				ENABLE_USER_SCRIPT_SANDBOXING = YES;
				GCC_C_LANGUAGE_STANDARD = gnu17;
				GCC_NO_COMMON_BLOCKS = YES;
				GCC_WARN_64_TO_32_BIT_CONVERSION = YES;
				GCC_WARN_ABOUT_RETURN_TYPE = YES_ERROR;
				GCC_WARN_UNDECLARED_SELECTOR = YES;
				GCC_WARN_UNINITIALIZED_AUTOS = YES_AGGRESSIVE;
				GCC_WARN_UNUSED_FUNCTION = YES;
				GCC_WARN_UNUSED_VARIABLE = YES;
				IPHONEOS_DEPLOYMENT_TARGET = 17.0;
				LOCALIZATION_PREFERS_STRING_CATALOGS = YES;
				MTL_ENABLE_DEBUG_INFO = NO;
				MTL_FAST_MATH = YES;
				SDKROOT = iphoneos;
				SWIFT_COMPILATION_MODE = wholemodule;
				VALIDATE_PRODUCT = YES;
			};
			name = Release;
		};
		DD32109D2B75592900739EC4 /* Debug */ = {
			isa = XCBuildConfiguration;
			buildSettings = {
				ASSETCATALOG_COMPILER_APPICON_NAME = AppIcon;
				ASSETCATALOG_COMPILER_GLOBAL_ACCENT_COLOR_NAME = AccentColor;
				CODE_SIGN_STYLE = Automatic;
				CURRENT_PROJECT_VERSION = 1;
				DEVELOPMENT_ASSET_PATHS = "\"PictureInPicture/Preview Content\"";
				DEVELOPMENT_TEAM = "";
				ENABLE_PREVIEWS = YES;
				GENERATE_INFOPLIST_FILE = YES;
				INFOPLIST_FILE = PictureInPicture/Info.plist;
				INFOPLIST_KEY_CFBundleDisplayName = PiP;
				INFOPLIST_KEY_UIApplicationSceneManifest_Generation = YES;
				INFOPLIST_KEY_UIApplicationSupportsIndirectInputEvents = YES;
				INFOPLIST_KEY_UILaunchScreen_Generation = YES;
				INFOPLIST_KEY_UISupportedInterfaceOrientations_iPad = "UIInterfaceOrientationPortrait UIInterfaceOrientationPortraitUpsideDown UIInterfaceOrientationLandscapeLeft UIInterfaceOrientationLandscapeRight";
				INFOPLIST_KEY_UISupportedInterfaceOrientations_iPhone = "UIInterfaceOrientationPortrait UIInterfaceOrientationLandscapeLeft UIInterfaceOrientationLandscapeRight";
				LD_RUNPATH_SEARCH_PATHS = (
					"$(inherited)",
					"@executable_path/Frameworks",
				);
				MARKETING_VERSION = 1.0;
				PRODUCT_BUNDLE_IDENTIFIER = com.aiondigital.pip;
				PRODUCT_NAME = "$(TARGET_NAME)";
				SWIFT_EMIT_LOC_STRINGS = YES;
				SWIFT_VERSION = 5.0;
				TARGETED_DEVICE_FAMILY = "1,2";
			};
			name = Debug;
		};
		DD32109E2B75592900739EC4 /* Release */ = {
			isa = XCBuildConfiguration;
			buildSettings = {
				ASSETCATALOG_COMPILER_APPICON_NAME = AppIcon;
				ASSETCATALOG_COMPILER_GLOBAL_ACCENT_COLOR_NAME = AccentColor;
				CODE_SIGN_STYLE = Automatic;
				CURRENT_PROJECT_VERSION = 1;
				DEVELOPMENT_ASSET_PATHS = "\"PictureInPicture/Preview Content\"";
				DEVELOPMENT_TEAM = "";
				ENABLE_PREVIEWS = YES;
				GENERATE_INFOPLIST_FILE = YES;
				INFOPLIST_FILE = PictureInPicture/Info.plist;
				INFOPLIST_KEY_CFBundleDisplayName = PiP;
				INFOPLIST_KEY_UIApplicationSceneManifest_Generation = YES;
				INFOPLIST_KEY_UIApplicationSupportsIndirectInputEvents = YES;
				INFOPLIST_KEY_UILaunchScreen_Generation = YES;
				INFOPLIST_KEY_UISupportedInterfaceOrientations_iPad = "UIInterfaceOrientationPortrait UIInterfaceOrientationPortraitUpsideDown UIInterfaceOrientationLandscapeLeft UIInterfaceOrientationLandscapeRight";
				INFOPLIST_KEY_UISupportedInterfaceOrientations_iPhone = "UIInterfaceOrientationPortrait UIInterfaceOrientationLandscapeLeft UIInterfaceOrientationLandscapeRight";
				LD_RUNPATH_SEARCH_PATHS = (
					"$(inherited)",
					"@executable_path/Frameworks",
				);
				MARKETING_VERSION = 1.0;
				PRODUCT_BUNDLE_IDENTIFIER = com.aiondigital.pip;
				PRODUCT_NAME = "$(TARGET_NAME)";
				SWIFT_EMIT_LOC_STRINGS = YES;
				SWIFT_VERSION = 5.0;
				TARGETED_DEVICE_FAMILY = "1,2";
			};
			name = Release;
		};
/* End XCBuildConfiguration section */

/* Begin XCConfigurationList section */
		DD3210892B75592800739EC4 /* Build configuration list for PBXProject "PictureInPicture" */ = {
			isa = XCConfigurationList;
			buildConfigurations = (
				DD32109A2B75592900739EC4 /* Debug */,
				DD32109B2B75592900739EC4 /* Release */,
			);
			defaultConfigurationIsVisible = 0;
			defaultConfigurationName = Release;
		};
		DD32109C2B75592900739EC4 /* Build configuration list for PBXNativeTarget "PictureInPicture" */ = {
			isa = XCConfigurationList;
			buildConfigurations = (
				DD32109D2B75592900739EC4 /* Debug */,
				DD32109E2B75592900739EC4 /* Release */,
			);
			defaultConfigurationIsVisible = 0;
			defaultConfigurationName = Release;
		};
/* End XCConfigurationList section */
	};
	rootObject = DD3210862B75592800739EC4 /* Project object */;
}
